
Microsoft Visual Studio Solution File, Format Version 12.00
# Visual Studio Version 16
VisualStudioVersion = 16.0.32901.82
MinimumVisualStudioVersion = 10.0.40219.1
Project("{FAE04EC0-301F-11D3-BF4B-00C04F79EFBC}") = "MultiTools", "MultiTools\MultiTools.csproj", "{1AC31FAE-75DA-4C7E-83EA-BF3F060672D5}"
EndProject
Global
	GlobalSection(SolutionConfigurationPlatforms) = preSolution
		Debug|Any CPU = Debug|Any CPU
		Release|Any CPU = Release|Any CPU
	EndGlobalSection
	GlobalSection(ProjectConfigurationPlatforms) = postSolution
		{1AC31FAE-75DA-4C7E-83EA-BF3F060672D5}.Debug|Any CPU.ActiveCfg = Debug|Any CPU
		{1AC31FAE-75DA-4C7E-83EA-BF3F060672D5}.Debug|Any CPU.Build.0 = Debug|Any CPU
		{1AC31FAE-75DA-4C7E-83EA-BF3F060672D5}.Release|Any CPU.ActiveCfg = Release|Any CPU
		{1AC31FAE-75DA-4C7E-83EA-BF3F060672D5}.Release|Any CPU.Build.0 = Release|Any CPU
	EndGlobalSection
	GlobalSection(SolutionProperties) = preSolution
		HideSolutionNode = FALSE
	EndGlobalSection
	GlobalSection(ExtensibilityGlobals) = postSolution
		SolutionGuid = {8CC59BB5-792F-4C9E-8CB0-AAD3061CDAB8}
	EndGlobalSection
EndGlobal
